// !$*UTF8*$!
{
	archiveVersion = 1;
	classes = {
	};
	objectVersion = 56;
	objects = {

/* Begin PBXBuildFile section */
		128082282B7C8890000B1E2C /* MedBookApp.swift in Sources */ = {isa = PBXBuildFile; fileRef = 128082272B7C8890000B1E2C /* MedBookApp.swift */; };
		1280822A2B7C8890000B1E2C /* LandingScreen.swift in Sources */ = {isa = PBXBuildFile; fileRef = 128082292B7C8890000B1E2C /* LandingScreen.swift */; };
		1280822C2B7C8894000B1E2C /* Assets.xcassets in Resources */ = {isa = PBXBuildFile; fileRef = 1280822B2B7C8894000B1E2C /* Assets.xcassets */; };
		1280822F2B7C8894000B1E2C /* Preview Assets.xcassets in Resources */ = {isa = PBXBuildFile; fileRef = 1280822E2B7C8894000B1E2C /* Preview Assets.xcassets */; };
		1280823B2B7C8E22000B1E2C /* SignUpScreen.swift in Sources */ = {isa = PBXBuildFile; fileRef = 1280823A2B7C8E22000B1E2C /* SignUpScreen.swift */; };
		1280823D2B7C8E6A000B1E2C /* LoginScreen.swift in Sources */ = {isa = PBXBuildFile; fileRef = 1280823C2B7C8E6A000B1E2C /* LoginScreen.swift */; };
		128082402B7CA3BF000B1E2C /* NetworkManager.swift in Sources */ = {isa = PBXBuildFile; fileRef = 1280823F2B7CA3BF000B1E2C /* NetworkManager.swift */; };
		128082422B7CAA3A000B1E2C /* SignUpViewModel.swift in Sources */ = {isa = PBXBuildFile; fileRef = 128082412B7CAA39000B1E2C /* SignUpViewModel.swift */; };
		128082442B7CAA4E000B1E2C /* SignUpModel.swift in Sources */ = {isa = PBXBuildFile; fileRef = 128082432B7CAA4E000B1E2C /* SignUpModel.swift */; };
		128082472B7D3217000B1E2C /* HomeScreen.swift in Sources */ = {isa = PBXBuildFile; fileRef = 128082462B7D3217000B1E2C /* HomeScreen.swift */; };
/* End PBXBuildFile section */

/* Begin PBXFileReference section */
		128082242B7C8890000B1E2C /* MedBook.app */ = {isa = PBXFileReference; explicitFileType = wrapper.application; includeInIndex = 0; path = MedBook.app; sourceTree = BUILT_PRODUCTS_DIR; };
		128082272B7C8890000B1E2C /* MedBookApp.swift */ = {isa = PBXFileReference; lastKnownFileType = sourcecode.swift; path = MedBookApp.swift; sourceTree = "<group>"; };
		128082292B7C8890000B1E2C /* LandingScreen.swift */ = {isa = PBXFileReference; lastKnownFileType = sourcecode.swift; path = LandingScreen.swift; sourceTree = "<group>"; };
		1280822B2B7C8894000B1E2C /* Assets.xcassets */ = {isa = PBXFileReference; lastKnownFileType = folder.assetcatalog; path = Assets.xcassets; sourceTree = "<group>"; };
		1280822E2B7C8894000B1E2C /* Preview Assets.xcassets */ = {isa = PBXFileReference; lastKnownFileType = folder.assetcatalog; path = "Preview Assets.xcassets"; sourceTree = "<group>"; };
		1280823A2B7C8E22000B1E2C /* SignUpScreen.swift */ = {isa = PBXFileReference; lastKnownFileType = sourcecode.swift; path = SignUpScreen.swift; sourceTree = "<group>"; };
		1280823C2B7C8E6A000B1E2C /* LoginScreen.swift */ = {isa = PBXFileReference; lastKnownFileType = sourcecode.swift; path = LoginScreen.swift; sourceTree = "<group>"; };
		1280823F2B7CA3BF000B1E2C /* NetworkManager.swift */ = {isa = PBXFileReference; fileEncoding = 4; lastKnownFileType = sourcecode.swift; path = NetworkManager.swift; sourceTree = "<group>"; };
		128082412B7CAA39000B1E2C /* SignUpViewModel.swift */ = {isa = PBXFileReference; lastKnownFileType = sourcecode.swift; path = SignUpViewModel.swift; sourceTree = "<group>"; };
		128082432B7CAA4E000B1E2C /* SignUpModel.swift */ = {isa = PBXFileReference; lastKnownFileType = sourcecode.swift; path = SignUpModel.swift; sourceTree = "<group>"; };
		128082462B7D3217000B1E2C /* HomeScreen.swift */ = {isa = PBXFileReference; lastKnownFileType = sourcecode.swift; path = HomeScreen.swift; sourceTree = "<group>"; };
/* End PBXFileReference section */

/* Begin PBXFrameworksBuildPhase section */
		128082212B7C8890000B1E2C /* Frameworks */ = {
			isa = PBXFrameworksBuildPhase;
			buildActionMask = 2147483647;
			files = (
			);
			runOnlyForDeploymentPostprocessing = 0;
		};
/* End PBXFrameworksBuildPhase section */

/* Begin PBXGroup section */
		1280821B2B7C8890000B1E2C = {
			isa = PBXGroup;
			children = (
				128082262B7C8890000B1E2C /* MedBook */,
				128082252B7C8890000B1E2C /* Products */,
			);
			sourceTree = "<group>";
		};
		128082252B7C8890000B1E2C /* Products */ = {
			isa = PBXGroup;
			children = (
				128082242B7C8890000B1E2C /* MedBook.app */,
			);
			name = Products;
			sourceTree = "<group>";
		};
		128082262B7C8890000B1E2C /* MedBook */ = {
			isa = PBXGroup;
			children = (
				1280823E2B7CA388000B1E2C /* Manager */,
				128082352B7C8D9A000B1E2C /* Screens */,
				128082272B7C8890000B1E2C /* MedBookApp.swift */,
				1280822B2B7C8894000B1E2C /* Assets.xcassets */,
				1280822D2B7C8894000B1E2C /* Preview Content */,
			);
			path = MedBook;
			sourceTree = "<group>";
		};
		1280822D2B7C8894000B1E2C /* Preview Content */ = {
			isa = PBXGroup;
			children = (
				1280822E2B7C8894000B1E2C /* Preview Assets.xcassets */,
			);
			path = "Preview Content";
			sourceTree = "<group>";
		};
		128082352B7C8D9A000B1E2C /* Screens */ = {
			isa = PBXGroup;
			children = (
				128082452B7D31FD000B1E2C /* HomeScreen */,
				128082392B7C8DFD000B1E2C /* SignUpScreen */,
				128082372B7C8DBA000B1E2C /* LoginScreen */,
				128082362B7C8DA8000B1E2C /* LandingScreen */,
			);
			path = Screens;
			sourceTree = "<group>";
		};
		128082362B7C8DA8000B1E2C /* LandingScreen */ = {
			isa = PBXGroup;
			children = (
				128082292B7C8890000B1E2C /* LandingScreen.swift */,
			);
			path = LandingScreen;
			sourceTree = "<group>";
		};
		128082372B7C8DBA000B1E2C /* LoginScreen */ = {
			isa = PBXGroup;
			children = (
				1280823C2B7C8E6A000B1E2C /* LoginScreen.swift */,
			);
			path = LoginScreen;
			sourceTree = "<group>";
		};
		128082392B7C8DFD000B1E2C /* SignUpScreen */ = {
			isa = PBXGroup;
			children = (
				1280823A2B7C8E22000B1E2C /* SignUpScreen.swift */,
				128082412B7CAA39000B1E2C /* SignUpViewModel.swift */,
				128082432B7CAA4E000B1E2C /* SignUpModel.swift */,
			);
			path = SignUpScreen;
			sourceTree = "<group>";
		};
		1280823E2B7CA388000B1E2C /* Manager */ = {
			isa = PBXGroup;
			children = (
				1280823F2B7CA3BF000B1E2C /* NetworkManager.swift */,
			);
			path = Manager;
			sourceTree = "<group>";
		};
		128082452B7D31FD000B1E2C /* HomeScreen */ = {
			isa = PBXGroup;
			children = (
				128082462B7D3217000B1E2C /* HomeScreen.swift */,
			);
			path = HomeScreen;
			sourceTree = "<group>";
		};
/* End PBXGroup section */

/* Begin PBXNativeTarget section */
		128082232B7C8890000B1E2C /* MedBook */ = {
			isa = PBXNativeTarget;
			buildConfigurationList = 128082322B7C8894000B1E2C /* Build configuration list for PBXNativeTarget "MedBook" */;
			buildPhases = (
				128082202B7C8890000B1E2C /* Sources */,
				128082212B7C8890000B1E2C /* Frameworks */,
				128082222B7C8890000B1E2C /* Resources */,
			);
			buildRules = (
			);
			dependencies = (
			);
			name = MedBook;
			productName = MedBook;
			productReference = 128082242B7C8890000B1E2C /* MedBook.app */;
			productType = "com.apple.product-type.application";
		};
/* End PBXNativeTarget section */

/* Begin PBXProject section */
		1280821C2B7C8890000B1E2C /* Project object */ = {
			isa = PBXProject;
			attributes = {
				BuildIndependentTargetsInParallel = 1;
				LastSwiftUpdateCheck = 1420;
				LastUpgradeCheck = 1420;
				TargetAttributes = {
					128082232B7C8890000B1E2C = {
						CreatedOnToolsVersion = 14.2;
					};
				};
			};
			buildConfigurationList = 1280821F2B7C8890000B1E2C /* Build configuration list for PBXProject "MedBook" */;
			compatibilityVersion = "Xcode 14.0";
			developmentRegion = en;
			hasScannedForEncodings = 0;
			knownRegions = (
				en,
				Base,
			);
			mainGroup = 1280821B2B7C8890000B1E2C;
			productRefGroup = 128082252B7C8890000B1E2C /* Products */;
			projectDirPath = "";
			projectRoot = "";
			targets = (
				128082232B7C8890000B1E2C /* MedBook */,
			);
		};
/* End PBXProject section */

/* Begin PBXResourcesBuildPhase section */
		128082222B7C8890000B1E2C /* Resources */ = {
			isa = PBXResourcesBuildPhase;
			buildActionMask = 2147483647;
			files = (
				1280822F2B7C8894000B1E2C /* Preview Assets.xcassets in Resources */,
				1280822C2B7C8894000B1E2C /* Assets.xcassets in Resources */,
			);
			runOnlyForDeploymentPostprocessing = 0;
		};
/* End PBXResourcesBuildPhase section */

/* Begin PBXSourcesBuildPhase section */
		128082202B7C8890000B1E2C /* Sources */ = {
			isa = PBXSourcesBuildPhase;
			buildActionMask = 2147483647;
			files = (
				1280822A2B7C8890000B1E2C /* LandingScreen.swift in Sources */,
				128082442B7CAA4E000B1E2C /* SignUpModel.swift in Sources */,
				1280823D2B7C8E6A000B1E2C /* LoginScreen.swift in Sources */,
				128082402B7CA3BF000B1E2C /* NetworkManager.swift in Sources */,
				128082472B7D3217000B1E2C /* HomeScreen.swift in Sources */,
				128082282B7C8890000B1E2C /* MedBookApp.swift in Sources */,
				128082422B7CAA3A000B1E2C /* SignUpViewModel.swift in Sources */,
				1280823B2B7C8E22000B1E2C /* SignUpScreen.swift in Sources */,
			);
			runOnlyForDeploymentPostprocessing = 0;
		};
/* End PBXSourcesBuildPhase section */

/* Begin XCBuildConfiguration section */
		128082302B7C8894000B1E2C /* Debug */ = {
			isa = XCBuildConfiguration;
			buildSettings = {
				ALWAYS_SEARCH_USER_PATHS = NO;
				CLANG_ANALYZER_NONNULL = YES;
				CLANG_ANALYZER_NUMBER_OBJECT_CONVERSION = YES_AGGRESSIVE;
				CLANG_CXX_LANGUAGE_STANDARD = "gnu++20";
				CLANG_ENABLE_MODULES = YES;
				CLANG_ENABLE_OBJC_ARC = YES;
				CLANG_ENABLE_OBJC_WEAK = YES;
				CLANG_WARN_BLOCK_CAPTURE_AUTORELEASING = YES;
				CLANG_WARN_BOOL_CONVERSION = YES;
				CLANG_WARN_COMMA = YES;
				CLANG_WARN_CONSTANT_CONVERSION = YES;
				CLANG_WARN_DEPRECATED_OBJC_IMPLEMENTATIONS = YES;
				CLANG_WARN_DIRECT_OBJC_ISA_USAGE = YES_ERROR;
				CLANG_WARN_DOCUMENTATION_COMMENTS = YES;
				CLANG_WARN_EMPTY_BODY = YES;
				CLANG_WARN_ENUM_CONVERSION = YES;
				CLANG_WARN_INFINITE_RECURSION = YES;
				CLANG_WARN_INT_CONVERSION = YES;
				CLANG_WARN_NON_LITERAL_NULL_CONVERSION = YES;
				CLANG_WARN_OBJC_IMPLICIT_RETAIN_SELF = YES;
				CLANG_WARN_OBJC_LITERAL_CONVERSION = YES;
				CLANG_WARN_OBJC_ROOT_CLASS = YES_ERROR;
				CLANG_WARN_QUOTED_INCLUDE_IN_FRAMEWORK_HEADER = YES;
				CLANG_WARN_RANGE_LOOP_ANALYSIS = YES;
				CLANG_WARN_STRICT_PROTOTYPES = YES;
				CLANG_WARN_SUSPICIOUS_MOVE = YES;
				CLANG_WARN_UNGUARDED_AVAILABILITY = YES_AGGRESSIVE;
				CLANG_WARN_UNREACHABLE_CODE = YES;
				CLANG_WARN__DUPLICATE_METHOD_MATCH = YES;
				COPY_PHASE_STRIP = NO;
				DEBUG_INFORMATION_FORMAT = dwarf;
				ENABLE_STRICT_OBJC_MSGSEND = YES;
				ENABLE_TESTABILITY = YES;
				GCC_C_LANGUAGE_STANDARD = gnu11;
				GCC_DYNAMIC_NO_PIC = NO;
				GCC_NO_COMMON_BLOCKS = YES;
				GCC_OPTIMIZATION_LEVEL = 0;
				GCC_PREPROCESSOR_DEFINITIONS = (
					"DEBUG=1",
					"$(inherited)",
				);
				GCC_WARN_64_TO_32_BIT_CONVERSION = YES;
				GCC_WARN_ABOUT_RETURN_TYPE = YES_ERROR;
				GCC_WARN_UNDECLARED_SELECTOR = YES;
				GCC_WARN_UNINITIALIZED_AUTOS = YES_AGGRESSIVE;
				GCC_WARN_UNUSED_FUNCTION = YES;
				GCC_WARN_UNUSED_VARIABLE = YES;
				IPHONEOS_DEPLOYMENT_TARGET = 16.2;
				MTL_ENABLE_DEBUG_INFO = INCLUDE_SOURCE;
				MTL_FAST_MATH = YES;
				ONLY_ACTIVE_ARCH = YES;
				SDKROOT = iphoneos;
				SWIFT_ACTIVE_COMPILATION_CONDITIONS = DEBUG;
				SWIFT_OPTIMIZATION_LEVEL = "-Onone";
			};
			name = Debug;
		};
		128082312B7C8894000B1E2C /* Release */ = {
			isa = XCBuildConfiguration;
			buildSettings = {
				ALWAYS_SEARCH_USER_PATHS = NO;
				CLANG_ANALYZER_NONNULL = YES;
				CLANG_ANALYZER_NUMBER_OBJECT_CONVERSION = YES_AGGRESSIVE;
				CLANG_CXX_LANGUAGE_STANDARD = "gnu++20";
				CLANG_ENABLE_MODULES = YES;
				CLANG_ENABLE_OBJC_ARC = YES;
				CLANG_ENABLE_OBJC_WEAK = YES;
				CLANG_WARN_BLOCK_CAPTURE_AUTORELEASING = YES;
				CLANG_WARN_BOOL_CONVERSION = YES;
				CLANG_WARN_COMMA = YES;
				CLANG_WARN_CONSTANT_CONVERSION = YES;
				CLANG_WARN_DEPRECATED_OBJC_IMPLEMENTATIONS = YES;
				CLANG_WARN_DIRECT_OBJC_ISA_USAGE = YES_ERROR;
				CLANG_WARN_DOCUMENTATION_COMMENTS = YES;
				CLANG_WARN_EMPTY_BODY = YES;
				CLANG_WARN_ENUM_CONVERSION = YES;
				CLANG_WARN_INFINITE_RECURSION = YES;
				CLANG_WARN_INT_CONVERSION = YES;
				CLANG_WARN_NON_LITERAL_NULL_CONVERSION = YES;
				CLANG_WARN_OBJC_IMPLICIT_RETAIN_SELF = YES;
				CLANG_WARN_OBJC_LITERAL_CONVERSION = YES;
				CLANG_WARN_OBJC_ROOT_CLASS = YES_ERROR;
				CLANG_WARN_QUOTED_INCLUDE_IN_FRAMEWORK_HEADER = YES;
				CLANG_WARN_RANGE_LOOP_ANALYSIS = YES;
				CLANG_WARN_STRICT_PROTOTYPES = YES;
				CLANG_WARN_SUSPICIOUS_MOVE = YES;
				CLANG_WARN_UNGUARDED_AVAILABILITY = YES_AGGRESSIVE;
				CLANG_WARN_UNREACHABLE_CODE = YES;
				CLANG_WARN__DUPLICATE_METHOD_MATCH = YES;
				COPY_PHASE_STRIP = NO;
				DEBUG_INFORMATION_FORMAT = "dwarf-with-dsym";
				ENABLE_NS_ASSERTIONS = NO;
				ENABLE_STRICT_OBJC_MSGSEND = YES;
				GCC_C_LANGUAGE_STANDARD = gnu11;
				GCC_NO_COMMON_BLOCKS = YES;
				GCC_WARN_64_TO_32_BIT_CONVERSION = YES;
				GCC_WARN_ABOUT_RETURN_TYPE = YES_ERROR;
				GCC_WARN_UNDECLARED_SELECTOR = YES;
				GCC_WARN_UNINITIALIZED_AUTOS = YES_AGGRESSIVE;
				GCC_WARN_UNUSED_FUNCTION = YES;
				GCC_WARN_UNUSED_VARIABLE = YES;
				IPHONEOS_DEPLOYMENT_TARGET = 16.2;
				MTL_ENABLE_DEBUG_INFO = NO;
				MTL_FAST_MATH = YES;
				SDKROOT = iphoneos;
				SWIFT_COMPILATION_MODE = wholemodule;
				SWIFT_OPTIMIZATION_LEVEL = "-O";
				VALIDATE_PRODUCT = YES;
			};
			name = Release;
		};
		128082332B7C8894000B1E2C /* Debug */ = {
			isa = XCBuildConfiguration;
			buildSettings = {
				ASSETCATALOG_COMPILER_APPICON_NAME = AppIcon;
				ASSETCATALOG_COMPILER_GLOBAL_ACCENT_COLOR_NAME = AccentColor;
				CODE_SIGN_STYLE = Automatic;
				CURRENT_PROJECT_VERSION = 1;
				DEVELOPMENT_ASSET_PATHS = "\"MedBook/Preview Content\"";
				ENABLE_PREVIEWS = YES;
				GENERATE_INFOPLIST_FILE = YES;
				INFOPLIST_KEY_UIApplicationSceneManifest_Generation = YES;
				INFOPLIST_KEY_UIApplicationSupportsIndirectInputEvents = YES;
				INFOPLIST_KEY_UILaunchScreen_Generation = YES;
				INFOPLIST_KEY_UISupportedInterfaceOrientations_iPad = "UIInterfaceOrientationPortrait UIInterfaceOrientationPortraitUpsideDown UIInterfaceOrientationLandscapeLeft UIInterfaceOrientationLandscapeRight";
				INFOPLIST_KEY_UISupportedInterfaceOrientations_iPhone = "UIInterfaceOrientationPortrait UIInterfaceOrientationLandscapeLeft UIInterfaceOrientationLandscapeRight";
				LD_RUNPATH_SEARCH_PATHS = (
					"$(inherited)",
					"@executable_path/Frameworks",
				);
				MARKETING_VERSION = 1.0;
				PRODUCT_BUNDLE_IDENTIFIER = com.MedBook;
				PRODUCT_NAME = "$(TARGET_NAME)";
				SWIFT_EMIT_LOC_STRINGS = YES;
				SWIFT_VERSION = 5.0;
				TARGETED_DEVICE_FAMILY = "1,2";
			};
			name = Debug;
		};
		128082342B7C8894000B1E2C /* Release */ = {
			isa = XCBuildConfiguration;
			buildSettings = {
				ASSETCATALOG_COMPILER_APPICON_NAME = AppIcon;
				ASSETCATALOG_COMPILER_GLOBAL_ACCENT_COLOR_NAME = AccentColor;
				CODE_SIGN_STYLE = Automatic;
				CURRENT_PROJECT_VERSION = 1;
				DEVELOPMENT_ASSET_PATHS = "\"MedBook/Preview Content\"";
				ENABLE_PREVIEWS = YES;
				GENERATE_INFOPLIST_FILE = YES;
				INFOPLIST_KEY_UIApplicationSceneManifest_Generation = YES;
				INFOPLIST_KEY_UIApplicationSupportsIndirectInputEvents = YES;
				INFOPLIST_KEY_UILaunchScreen_Generation = YES;
				INFOPLIST_KEY_UISupportedInterfaceOrientations_iPad = "UIInterfaceOrientationPortrait UIInterfaceOrientationPortraitUpsideDown UIInterfaceOrientationLandscapeLeft UIInterfaceOrientationLandscapeRight";
				INFOPLIST_KEY_UISupportedInterfaceOrientations_iPhone = "UIInterfaceOrientationPortrait UIInterfaceOrientationLandscapeLeft UIInterfaceOrientationLandscapeRight";
				LD_RUNPATH_SEARCH_PATHS = (
					"$(inherited)",
					"@executable_path/Frameworks",
				);
				MARKETING_VERSION = 1.0;
				PRODUCT_BUNDLE_IDENTIFIER = com.MedBook;
				PRODUCT_NAME = "$(TARGET_NAME)";
				SWIFT_EMIT_LOC_STRINGS = YES;
				SWIFT_VERSION = 5.0;
				TARGETED_DEVICE_FAMILY = "1,2";
			};
			name = Release;
		};
/* End XCBuildConfiguration section */

/* Begin XCConfigurationList section */
		1280821F2B7C8890000B1E2C /* Build configuration list for PBXProject "MedBook" */ = {
			isa = XCConfigurationList;
			buildConfigurations = (
				128082302B7C8894000B1E2C /* Debug */,
				128082312B7C8894000B1E2C /* Release */,
			);
			defaultConfigurationIsVisible = 0;
			defaultConfigurationName = Release;
		};
		128082322B7C8894000B1E2C /* Build configuration list for PBXNativeTarget "MedBook" */ = {
			isa = XCConfigurationList;
			buildConfigurations = (
				128082332B7C8894000B1E2C /* Debug */,
				128082342B7C8894000B1E2C /* Release */,
			);
			defaultConfigurationIsVisible = 0;
			defaultConfigurationName = Release;
		};
/* End XCConfigurationList section */
	};
	rootObject = 1280821C2B7C8890000B1E2C /* Project object */;
}
